
Microsoft Visual Studio Solution File, Format Version 12.00
# Visual Studio Version 17
VisualStudioVersion = 17.10.35201.131
MinimumVisualStudioVersion = 10.0.40219.1
Project("{9A19103F-16F7-4668-BE54-9A1E7A4F7556}") = "Tunify_Platform", "Tunify_Platform.csproj", "{BBBC2F09-7B2F-498D-AF51-F250AE510E45}"
EndProject
Project("{2150E333-8FDC-42A3-9474-1A3956D46DE8}") = "Solution Items", "Solution Items", "{00EEF2A3-9421-4E88-B429-F7E107E1305E}"
	ProjectSection(SolutionItems) = preProject
		.editorconfig = .editorconfig
	EndProjectSection
EndProject
Project("{9A19103F-16F7-4668-BE54-9A1E7A4F7556}") = "TunifyPlatformTest", "..\TunifyPlatformTest\TunifyPlatformTest.csproj", "{80536AAF-C8C0-46C3-8E7C-8DD55F61E0C1}"
EndProject
Project("{2150E333-8FDC-42A3-9474-1A3956D46DE8}") = "TunifyPlatform", "TunifyPlatform", "{C4AE82F4-AE9B-4E41-9148-63ED4F408A15}"
EndProject
Global
	GlobalSection(SolutionConfigurationPlatforms) = preSolution
		Debug|Any CPU = Debug|Any CPU
		Debug|x64 = Debug|x64
		Debug|x86 = Debug|x86
		Release|Any CPU = Release|Any CPU
		Release|x64 = Release|x64
		Release|x86 = Release|x86
	EndGlobalSection
	GlobalSection(ProjectConfigurationPlatforms) = postSolution
		{BBBC2F09-7B2F-498D-AF51-F250AE510E45}.Debug|Any CPU.ActiveCfg = Debug|Any CPU
		{BBBC2F09-7B2F-498D-AF51-F250AE510E45}.Debug|Any CPU.Build.0 = Debug|Any CPU
		{BBBC2F09-7B2F-498D-AF51-F250AE510E45}.Debug|x64.ActiveCfg = Debug|Any CPU
		{BBBC2F09-7B2F-498D-AF51-F250AE510E45}.Debug|x64.Build.0 = Debug|Any CPU
		{BBBC2F09-7B2F-498D-AF51-F250AE510E45}.Debug|x86.ActiveCfg = Debug|Any CPU
		{BBBC2F09-7B2F-498D-AF51-F250AE510E45}.Debug|x86.Build.0 = Debug|Any CPU
		{BBBC2F09-7B2F-498D-AF51-F250AE510E45}.Release|Any CPU.ActiveCfg = Release|Any CPU
		{BBBC2F09-7B2F-498D-AF51-F250AE510E45}.Release|Any CPU.Build.0 = Release|Any CPU
		{BBBC2F09-7B2F-498D-AF51-F250AE510E45}.Release|x64.ActiveCfg = Release|Any CPU
		{BBBC2F09-7B2F-498D-AF51-F250AE510E45}.Release|x64.Build.0 = Release|Any CPU
		{BBBC2F09-7B2F-498D-AF51-F250AE510E45}.Release|x86.ActiveCfg = Release|Any CPU
		{BBBC2F09-7B2F-498D-AF51-F250AE510E45}.Release|x86.Build.0 = Release|Any CPU
		{80536AAF-C8C0-46C3-8E7C-8DD55F61E0C1}.Debug|Any CPU.ActiveCfg = Debug|Any CPU
		{80536AAF-C8C0-46C3-8E7C-8DD55F61E0C1}.Debug|Any CPU.Build.0 = Debug|Any CPU
		{80536AAF-C8C0-46C3-8E7C-8DD55F61E0C1}.Debug|x64.ActiveCfg = Debug|Any CPU
		{80536AAF-C8C0-46C3-8E7C-8DD55F61E0C1}.Debug|x64.Build.0 = Debug|Any CPU
		{80536AAF-C8C0-46C3-8E7C-8DD55F61E0C1}.Debug|x86.ActiveCfg = Debug|Any CPU
		{80536AAF-C8C0-46C3-8E7C-8DD55F61E0C1}.Debug|x86.Build.0 = Debug|Any CPU
		{80536AAF-C8C0-46C3-8E7C-8DD55F61E0C1}.Release|Any CPU.ActiveCfg = Release|Any CPU
		{80536AAF-C8C0-46C3-8E7C-8DD55F61E0C1}.Release|Any CPU.Build.0 = Release|Any CPU
		{80536AAF-C8C0-46C3-8E7C-8DD55F61E0C1}.Release|x64.ActiveCfg = Release|Any CPU
		{80536AAF-C8C0-46C3-8E7C-8DD55F61E0C1}.Release|x64.Build.0 = Release|Any CPU
		{80536AAF-C8C0-46C3-8E7C-8DD55F61E0C1}.Release|x86.ActiveCfg = Release|Any CPU
		{80536AAF-C8C0-46C3-8E7C-8DD55F61E0C1}.Release|x86.Build.0 = Release|Any CPU
	EndGlobalSection
	GlobalSection(SolutionProperties) = preSolution
		HideSolutionNode = FALSE
	EndGlobalSection
	GlobalSection(NestedProjects) = preSolution
		{BBBC2F09-7B2F-498D-AF51-F250AE510E45} = {C4AE82F4-AE9B-4E41-9148-63ED4F408A15}
		{80536AAF-C8C0-46C3-8E7C-8DD55F61E0C1} = {C4AE82F4-AE9B-4E41-9148-63ED4F408A15}
	EndGlobalSection
	GlobalSection(ExtensibilityGlobals) = postSolution
		SolutionGuid = {035C9206-FCA6-4835-9BB1-80D3EEC67CF3}
	EndGlobalSection
EndGlobal
